
Microsoft Visual Studio Solution File, Format Version 12.00
# Visual Studio 15
VisualStudioVersion = 15.0.28010.2003
MinimumVisualStudioVersion = 10.0.40219.1
Project("{8BC9CEB8-8B4A-11D0-8D11-00A0C91BC942}") = "ConsoleApplication2", "ConsoleApplication2\ConsoleApplication2.vcxproj", "{CEC11F92-D4E7-40A5-B8A2-30D659339E37}"
EndProject
Global
	GlobalSection(SolutionConfigurationPlatforms) = preSolution
		Debug|x64 = Debug|x64
		Debug|x86 = Debug|x86
		Release|x64 = Release|x64
		Release|x86 = Release|x86
	EndGlobalSection
	GlobalSection(ProjectConfigurationPlatforms) = postSolution
		{CEC11F92-D4E7-40A5-B8A2-30D659339E37}.Debug|x64.ActiveCfg = Debug|x64
		{CEC11F92-D4E7-40A5-B8A2-30D659339E37}.Debug|x64.Build.0 = Debug|x64
		{CEC11F92-D4E7-40A5-B8A2-30D659339E37}.Debug|x86.ActiveCfg = Debug|Win32
		{CEC11F92-D4E7-40A5-B8A2-30D659339E37}.Debug|x86.Build.0 = Debug|Win32
		{CEC11F92-D4E7-40A5-B8A2-30D659339E37}.Release|x64.ActiveCfg = Release|x64
		{CEC11F92-D4E7-40A5-B8A2-30D659339E37}.Release|x64.Build.0 = Release|x64
		{CEC11F92-D4E7-40A5-B8A2-30D659339E37}.Release|x86.ActiveCfg = Release|Win32
		{CEC11F92-D4E7-40A5-B8A2-30D659339E37}.Release|x86.Build.0 = Release|Win32
	EndGlobalSection
	GlobalSection(SolutionProperties) = preSolution
		HideSolutionNode = FALSE
	EndGlobalSection
	GlobalSection(ExtensibilityGlobals) = postSolution
		SolutionGuid = {601ED227-8E95-4489-9632-3B0D2F371953}
	EndGlobalSection
EndGlobal
